// !$*UTF8*$!
{
	archiveVersion = 1;
	classes = {
	};
	objectVersion = 56;
	objects = {

/* Begin PBXBuildFile section */
		045907422DBE6AC000E9D93F /* PrinceSpecialsApp.swift in Sources */ = {isa = PBXBuildFile; fileRef = 045907412DBE6AC000E9D93F /* PrinceSpecialsApp.swift */; };
		045907442DBE6AC000E9D93F /* ContentView.swift in Sources */ = {isa = PBXBuildFile; fileRef = 045907432DBE6AC000E9D93F /* ContentView.swift */; };
		045907462DBE6AC300E9D93F /* Assets.xcassets in Resources */ = {isa = PBXBuildFile; fileRef = 045907452DBE6AC300E9D93F /* Assets.xcassets */; };
		045907492DBE6AC300E9D93F /* Preview Assets.xcassets in Resources */ = {isa = PBXBuildFile; fileRef = 045907482DBE6AC300E9D93F /* Preview Assets.xcassets */; };
		0459074B2DBE6AC300E9D93F /* Persistence.swift in Sources */ = {isa = PBXBuildFile; fileRef = 0459074A2DBE6AC300E9D93F /* Persistence.swift */; };
		0459074E2DBE6AC300E9D93F /* PrinceSpecials.xcdatamodeld in Sources */ = {isa = PBXBuildFile; fileRef = 0459074C2DBE6AC300E9D93F /* PrinceSpecials.xcdatamodeld */; };
		045907582DBE6AC300E9D93F /* PrinceSpecialsTests.swift in Sources */ = {isa = PBXBuildFile; fileRef = 045907572DBE6AC300E9D93F /* PrinceSpecialsTests.swift */; };
		045907622DBE6AC300E9D93F /* PrinceSpecialsUITests.swift in Sources */ = {isa = PBXBuildFile; fileRef = 045907612DBE6AC300E9D93F /* PrinceSpecialsUITests.swift */; };
		045907642DBE6AC300E9D93F /* PrinceSpecialsUITestsLaunchTests.swift in Sources */ = {isa = PBXBuildFile; fileRef = 045907632DBE6AC300E9D93F /* PrinceSpecialsUITestsLaunchTests.swift */; };
		045907712DBE6B3A00E9D93F /* Product.swift in Sources */ = {isa = PBXBuildFile; fileRef = 045907702DBE6B3A00E9D93F /* Product.swift */; };
		045907742DBE6B8F00E9D93F /* Cart.swift in Sources */ = {isa = PBXBuildFile; fileRef = 045907732DBE6B8F00E9D93F /* Cart.swift */; };
		045907762DBE6BC600E9D93F /* UserAuthentication.swift in Sources */ = {isa = PBXBuildFile; fileRef = 045907752DBE6BC600E9D93F /* UserAuthentication.swift */; };
		045907782DBE6BF600E9D93F /* PaymentService.swift in Sources */ = {isa = PBXBuildFile; fileRef = 045907772DBE6BF600E9D93F /* PaymentService.swift */; };
		0459077B2DBE6C4900E9D93F /* ProductDetailView.swift in Sources */ = {isa = PBXBuildFile; fileRef = 0459077A2DBE6C4900E9D93F /* ProductDetailView.swift */; };
		0459077D2DBE6C9500E9D93F /* CartView.swift in Sources */ = {isa = PBXBuildFile; fileRef = 0459077C2DBE6C9500E9D93F /* CartView.swift */; };
		0459077F2DBE6D2500E9D93F /* LoginView.swift in Sources */ = {isa = PBXBuildFile; fileRef = 0459077E2DBE6D2500E9D93F /* LoginView.swift */; };
		045907812DBE6D8D00E9D93F /* RegisterView.swift in Sources */ = {isa = PBXBuildFile; fileRef = 045907802DBE6D8D00E9D93F /* RegisterView.swift */; };
		04DE66502DD4A7D200A23E5F /* extraView.swift in Sources */ = {isa = PBXBuildFile; fileRef = 04DE664F2DD4A7D100A23E5F /* extraView.swift */; };
		04DE66522DD4B38A00A23E5F /* extraView2.swift in Sources */ = {isa = PBXBuildFile; fileRef = 04DE66512DD4B38A00A23E5F /* extraView2.swift */; };
		2A2E023DC30ADB3F3B05EBC4 /* Pods_PrinceSpecials.framework in Frameworks */ = {isa = PBXBuildFile; fileRef = 2B605D999662A239C6066972 /* Pods_PrinceSpecials.framework */; };
/* End PBXBuildFile section */

/* Begin PBXContainerItemProxy section */
		045907542DBE6AC300E9D93F /* PBXContainerItemProxy */ = {
			isa = PBXContainerItemProxy;
			containerPortal = 045907362DBE6AC000E9D93F /* Project object */;
			proxyType = 1;
			remoteGlobalIDString = 0459073D2DBE6AC000E9D93F;
			remoteInfo = PrinceSpecials;
		};
		0459075E2DBE6AC300E9D93F /* PBXContainerItemProxy */ = {
			isa = PBXContainerItemProxy;
			containerPortal = 045907362DBE6AC000E9D93F /* Project object */;
			proxyType = 1;
			remoteGlobalIDString = 0459073D2DBE6AC000E9D93F;
			remoteInfo = PrinceSpecials;
		};
/* End PBXContainerItemProxy section */

/* Begin PBXFileReference section */
		0459073E2DBE6AC000E9D93F /* PrinceSpecials.app */ = {isa = PBXFileReference; explicitFileType = wrapper.application; includeInIndex = 0; path = PrinceSpecials.app; sourceTree = BUILT_PRODUCTS_DIR; };
		045907412DBE6AC000E9D93F /* PrinceSpecialsApp.swift */ = {isa = PBXFileReference; lastKnownFileType = sourcecode.swift; path = PrinceSpecialsApp.swift; sourceTree = "<group>"; };
		045907432DBE6AC000E9D93F /* ContentView.swift */ = {isa = PBXFileReference; lastKnownFileType = sourcecode.swift; path = ContentView.swift; sourceTree = "<group>"; };
		045907452DBE6AC300E9D93F /* Assets.xcassets */ = {isa = PBXFileReference; lastKnownFileType = folder.assetcatalog; path = Assets.xcassets; sourceTree = "<group>"; };
		045907482DBE6AC300E9D93F /* Preview Assets.xcassets */ = {isa = PBXFileReference; lastKnownFileType = folder.assetcatalog; path = "Preview Assets.xcassets"; sourceTree = "<group>"; };
		0459074A2DBE6AC300E9D93F /* Persistence.swift */ = {isa = PBXFileReference; lastKnownFileType = sourcecode.swift; path = Persistence.swift; sourceTree = "<group>"; };
		0459074D2DBE6AC300E9D93F /* PrinceSpecials.xcdatamodel */ = {isa = PBXFileReference; lastKnownFileType = wrapper.xcdatamodel; path = PrinceSpecials.xcdatamodel; sourceTree = "<group>"; };
		045907532DBE6AC300E9D93F /* PrinceSpecialsTests.xctest */ = {isa = PBXFileReference; explicitFileType = wrapper.cfbundle; includeInIndex = 0; path = PrinceSpecialsTests.xctest; sourceTree = BUILT_PRODUCTS_DIR; };
		045907572DBE6AC300E9D93F /* PrinceSpecialsTests.swift */ = {isa = PBXFileReference; lastKnownFileType = sourcecode.swift; path = PrinceSpecialsTests.swift; sourceTree = "<group>"; };
		0459075D2DBE6AC300E9D93F /* PrinceSpecialsUITests.xctest */ = {isa = PBXFileReference; explicitFileType = wrapper.cfbundle; includeInIndex = 0; path = PrinceSpecialsUITests.xctest; sourceTree = BUILT_PRODUCTS_DIR; };
		045907612DBE6AC300E9D93F /* PrinceSpecialsUITests.swift */ = {isa = PBXFileReference; lastKnownFileType = sourcecode.swift; path = PrinceSpecialsUITests.swift; sourceTree = "<group>"; };
		045907632DBE6AC300E9D93F /* PrinceSpecialsUITestsLaunchTests.swift */ = {isa = PBXFileReference; lastKnownFileType = sourcecode.swift; path = PrinceSpecialsUITestsLaunchTests.swift; sourceTree = "<group>"; };
		045907702DBE6B3A00E9D93F /* Product.swift */ = {isa = PBXFileReference; lastKnownFileType = sourcecode.swift; path = Product.swift; sourceTree = "<group>"; };
		045907732DBE6B8F00E9D93F /* Cart.swift */ = {isa = PBXFileReference; lastKnownFileType = sourcecode.swift; path = Cart.swift; sourceTree = "<group>"; };
		045907752DBE6BC600E9D93F /* UserAuthentication.swift */ = {isa = PBXFileReference; lastKnownFileType = sourcecode.swift; path = UserAuthentication.swift; sourceTree = "<group>"; };
		045907772DBE6BF600E9D93F /* PaymentService.swift */ = {isa = PBXFileReference; lastKnownFileType = sourcecode.swift; path = PaymentService.swift; sourceTree = "<group>"; };
		0459077A2DBE6C4900E9D93F /* ProductDetailView.swift */ = {isa = PBXFileReference; lastKnownFileType = sourcecode.swift; path = ProductDetailView.swift; sourceTree = "<group>"; };
		0459077C2DBE6C9500E9D93F /* CartView.swift */ = {isa = PBXFileReference; lastKnownFileType = sourcecode.swift; path = CartView.swift; sourceTree = "<group>"; };
		0459077E2DBE6D2500E9D93F /* LoginView.swift */ = {isa = PBXFileReference; lastKnownFileType = sourcecode.swift; path = LoginView.swift; sourceTree = "<group>"; };
		045907802DBE6D8D00E9D93F /* RegisterView.swift */ = {isa = PBXFileReference; lastKnownFileType = sourcecode.swift; path = RegisterView.swift; sourceTree = "<group>"; };
		04DE664F2DD4A7D100A23E5F /* extraView.swift */ = {isa = PBXFileReference; lastKnownFileType = sourcecode.swift; path = extraView.swift; sourceTree = "<group>"; };
		04DE66512DD4B38A00A23E5F /* extraView2.swift */ = {isa = PBXFileReference; lastKnownFileType = sourcecode.swift; path = extraView2.swift; sourceTree = "<group>"; };
		150F463A87A56845AC1F16D6 /* Pods-PrinceSpecials.debug.xcconfig */ = {isa = PBXFileReference; includeInIndex = 1; lastKnownFileType = text.xcconfig; name = "Pods-PrinceSpecials.debug.xcconfig"; path = "Target Support Files/Pods-PrinceSpecials/Pods-PrinceSpecials.debug.xcconfig"; sourceTree = "<group>"; };
		2B605D999662A239C6066972 /* Pods_PrinceSpecials.framework */ = {isa = PBXFileReference; explicitFileType = wrapper.framework; includeInIndex = 0; path = Pods_PrinceSpecials.framework; sourceTree = BUILT_PRODUCTS_DIR; };
		CB9E96BADBCD3863F783C3D3 /* Pods-PrinceSpecials.release.xcconfig */ = {isa = PBXFileReference; includeInIndex = 1; lastKnownFileType = text.xcconfig; name = "Pods-PrinceSpecials.release.xcconfig"; path = "Target Support Files/Pods-PrinceSpecials/Pods-PrinceSpecials.release.xcconfig"; sourceTree = "<group>"; };
/* End PBXFileReference section */

/* Begin PBXFrameworksBuildPhase section */
		0459073B2DBE6AC000E9D93F /* Frameworks */ = {
			isa = PBXFrameworksBuildPhase;
			buildActionMask = 2147483647;
			files = (
				2A2E023DC30ADB3F3B05EBC4 /* Pods_PrinceSpecials.framework in Frameworks */,
			);
			runOnlyForDeploymentPostprocessing = 0;
		};
		045907502DBE6AC300E9D93F /* Frameworks */ = {
			isa = PBXFrameworksBuildPhase;
			buildActionMask = 2147483647;
			files = (
			);
			runOnlyForDeploymentPostprocessing = 0;
		};
		0459075A2DBE6AC300E9D93F /* Frameworks */ = {
			isa = PBXFrameworksBuildPhase;
			buildActionMask = 2147483647;
			files = (
			);
			runOnlyForDeploymentPostprocessing = 0;
		};
/* End PBXFrameworksBuildPhase section */

/* Begin PBXGroup section */
		045907352DBE6AC000E9D93F = {
			isa = PBXGroup;
			children = (
				045907792DBE6C3A00E9D93F /* View */,
				045907772DBE6BF600E9D93F /* PaymentService.swift */,
				045907752DBE6BC600E9D93F /* UserAuthentication.swift */,
				045907722DBE6B4400E9D93F /* Model */,
				045907402DBE6AC000E9D93F /* PrinceSpecials */,
				045907562DBE6AC300E9D93F /* PrinceSpecialsTests */,
				045907602DBE6AC300E9D93F /* PrinceSpecialsUITests */,
				0459073F2DBE6AC000E9D93F /* Products */,
				DADC65E2CD199970105274B5 /* Pods */,
				D474D2EEBB322694A4653C02 /* Frameworks */,
			);
			sourceTree = "<group>";
		};
		0459073F2DBE6AC000E9D93F /* Products */ = {
			isa = PBXGroup;
			children = (
				0459073E2DBE6AC000E9D93F /* PrinceSpecials.app */,
				045907532DBE6AC300E9D93F /* PrinceSpecialsTests.xctest */,
				0459075D2DBE6AC300E9D93F /* PrinceSpecialsUITests.xctest */,
			);
			name = Products;
			sourceTree = "<group>";
		};
		045907402DBE6AC000E9D93F /* PrinceSpecials */ = {
			isa = PBXGroup;
			children = (
				045907412DBE6AC000E9D93F /* PrinceSpecialsApp.swift */,
				045907452DBE6AC300E9D93F /* Assets.xcassets */,
				0459074A2DBE6AC300E9D93F /* Persistence.swift */,
				0459074C2DBE6AC300E9D93F /* PrinceSpecials.xcdatamodeld */,
				045907472DBE6AC300E9D93F /* Preview Content */,
			);
			path = PrinceSpecials;
			sourceTree = "<group>";
		};
		045907472DBE6AC300E9D93F /* Preview Content */ = {
			isa = PBXGroup;
			children = (
				045907482DBE6AC300E9D93F /* Preview Assets.xcassets */,
			);
			path = "Preview Content";
			sourceTree = "<group>";
		};
		045907562DBE6AC300E9D93F /* PrinceSpecialsTests */ = {
			isa = PBXGroup;
			children = (
				045907572DBE6AC300E9D93F /* PrinceSpecialsTests.swift */,
			);
			path = PrinceSpecialsTests;
			sourceTree = "<group>";
		};
		045907602DBE6AC300E9D93F /* PrinceSpecialsUITests */ = {
			isa = PBXGroup;
			children = (
				045907612DBE6AC300E9D93F /* PrinceSpecialsUITests.swift */,
				045907632DBE6AC300E9D93F /* PrinceSpecialsUITestsLaunchTests.swift */,
			);
			path = PrinceSpecialsUITests;
			sourceTree = "<group>";
		};
		045907722DBE6B4400E9D93F /* Model */ = {
			isa = PBXGroup;
			children = (
				045907702DBE6B3A00E9D93F /* Product.swift */,
				045907732DBE6B8F00E9D93F /* Cart.swift */,
			);
			path = Model;
			sourceTree = "<group>";
		};
		045907792DBE6C3A00E9D93F /* View */ = {
			isa = PBXGroup;
			children = (
				0459077E2DBE6D2500E9D93F /* LoginView.swift */,
				045907802DBE6D8D00E9D93F /* RegisterView.swift */,
				045907432DBE6AC000E9D93F /* ContentView.swift */,
				0459077A2DBE6C4900E9D93F /* ProductDetailView.swift */,
				0459077C2DBE6C9500E9D93F /* CartView.swift */,
				04DE664F2DD4A7D100A23E5F /* extraView.swift */,
				04DE66512DD4B38A00A23E5F /* extraView2.swift */,
			);
			path = View;
			sourceTree = "<group>";
		};
		D474D2EEBB322694A4653C02 /* Frameworks */ = {
			isa = PBXGroup;
			children = (
				2B605D999662A239C6066972 /* Pods_PrinceSpecials.framework */,
			);
			name = Frameworks;
			sourceTree = "<group>";
		};
		DADC65E2CD199970105274B5 /* Pods */ = {
			isa = PBXGroup;
			children = (
				150F463A87A56845AC1F16D6 /* Pods-PrinceSpecials.debug.xcconfig */,
				CB9E96BADBCD3863F783C3D3 /* Pods-PrinceSpecials.release.xcconfig */,
			);
			path = Pods;
			sourceTree = "<group>";
		};
/* End PBXGroup section */

/* Begin PBXNativeTarget section */
		0459073D2DBE6AC000E9D93F /* PrinceSpecials */ = {
			isa = PBXNativeTarget;
			buildConfigurationList = 045907672DBE6AC300E9D93F /* Build configuration list for PBXNativeTarget "PrinceSpecials" */;
			buildPhases = (
				4F1A123744E74853FE8F4548 /* [CP] Check Pods Manifest.lock */,
				0459073A2DBE6AC000E9D93F /* Sources */,
				0459073B2DBE6AC000E9D93F /* Frameworks */,
				0459073C2DBE6AC000E9D93F /* Resources */,
				EB59ECEB046969CA7F6D92BB /* [CP] Embed Pods Frameworks */,
			);
			buildRules = (
			);
			dependencies = (
			);
			name = PrinceSpecials;
			productName = PrinceSpecials;
			productReference = 0459073E2DBE6AC000E9D93F /* PrinceSpecials.app */;
			productType = "com.apple.product-type.application";
		};
		045907522DBE6AC300E9D93F /* PrinceSpecialsTests */ = {
			isa = PBXNativeTarget;
			buildConfigurationList = 0459076A2DBE6AC300E9D93F /* Build configuration list for PBXNativeTarget "PrinceSpecialsTests" */;
			buildPhases = (
				0459074F2DBE6AC300E9D93F /* Sources */,
				045907502DBE6AC300E9D93F /* Frameworks */,
				045907512DBE6AC300E9D93F /* Resources */,
			);
			buildRules = (
			);
			dependencies = (
				045907552DBE6AC300E9D93F /* PBXTargetDependency */,
			);
			name = PrinceSpecialsTests;
			productName = PrinceSpecialsTests;
			productReference = 045907532DBE6AC300E9D93F /* PrinceSpecialsTests.xctest */;
			productType = "com.apple.product-type.bundle.unit-test";
		};
		0459075C2DBE6AC300E9D93F /* PrinceSpecialsUITests */ = {
			isa = PBXNativeTarget;
			buildConfigurationList = 0459076D2DBE6AC300E9D93F /* Build configuration list for PBXNativeTarget "PrinceSpecialsUITests" */;
			buildPhases = (
				045907592DBE6AC300E9D93F /* Sources */,
				0459075A2DBE6AC300E9D93F /* Frameworks */,
				0459075B2DBE6AC300E9D93F /* Resources */,
			);
			buildRules = (
			);
			dependencies = (
				0459075F2DBE6AC300E9D93F /* PBXTargetDependency */,
			);
			name = PrinceSpecialsUITests;
			productName = PrinceSpecialsUITests;
			productReference = 0459075D2DBE6AC300E9D93F /* PrinceSpecialsUITests.xctest */;
			productType = "com.apple.product-type.bundle.ui-testing";
		};
/* End PBXNativeTarget section */

/* Begin PBXProject section */
		045907362DBE6AC000E9D93F /* Project object */ = {
			isa = PBXProject;
			attributes = {
				BuildIndependentTargetsInParallel = 1;
				LastSwiftUpdateCheck = 1420;
				LastUpgradeCheck = 1420;
				TargetAttributes = {
					0459073D2DBE6AC000E9D93F = {
						CreatedOnToolsVersion = 14.2;
					};
					045907522DBE6AC300E9D93F = {
						CreatedOnToolsVersion = 14.2;
						TestTargetID = 0459073D2DBE6AC000E9D93F;
					};
					0459075C2DBE6AC300E9D93F = {
						CreatedOnToolsVersion = 14.2;
						TestTargetID = 0459073D2DBE6AC000E9D93F;
					};
				};
			};
			buildConfigurationList = 045907392DBE6AC000E9D93F /* Build configuration list for PBXProject "PrinceSpecials" */;
			compatibilityVersion = "Xcode 14.0";
			developmentRegion = en;
			hasScannedForEncodings = 0;
			knownRegions = (
				en,
				Base,
			);
			mainGroup = 045907352DBE6AC000E9D93F;
			productRefGroup = 0459073F2DBE6AC000E9D93F /* Products */;
			projectDirPath = "";
			projectRoot = "";
			targets = (
				0459073D2DBE6AC000E9D93F /* PrinceSpecials */,
				045907522DBE6AC300E9D93F /* PrinceSpecialsTests */,
				0459075C2DBE6AC300E9D93F /* PrinceSpecialsUITests */,
			);
		};
/* End PBXProject section */

/* Begin PBXResourcesBuildPhase section */
		0459073C2DBE6AC000E9D93F /* Resources */ = {
			isa = PBXResourcesBuildPhase;
			buildActionMask = 2147483647;
			files = (
				045907492DBE6AC300E9D93F /* Preview Assets.xcassets in Resources */,
				045907462DBE6AC300E9D93F /* Assets.xcassets in Resources */,
			);
			runOnlyForDeploymentPostprocessing = 0;
		};
		045907512DBE6AC300E9D93F /* Resources */ = {
			isa = PBXResourcesBuildPhase;
			buildActionMask = 2147483647;
			files = (
			);
			runOnlyForDeploymentPostprocessing = 0;
		};
		0459075B2DBE6AC300E9D93F /* Resources */ = {
			isa = PBXResourcesBuildPhase;
			buildActionMask = 2147483647;
			files = (
			);
			runOnlyForDeploymentPostprocessing = 0;
		};
/* End PBXResourcesBuildPhase section */

/* Begin PBXShellScriptBuildPhase section */
		4F1A123744E74853FE8F4548 /* [CP] Check Pods Manifest.lock */ = {
			isa = PBXShellScriptBuildPhase;
			buildActionMask = 2147483647;
			files = (
			);
			inputFileListPaths = (
			);
			inputPaths = (
				"${PODS_PODFILE_DIR_PATH}/Podfile.lock",
				"${PODS_ROOT}/Manifest.lock",
			);
			name = "[CP] Check Pods Manifest.lock";
			outputFileListPaths = (
			);
			outputPaths = (
				"$(DERIVED_FILE_DIR)/Pods-PrinceSpecials-checkManifestLockResult.txt",
			);
			runOnlyForDeploymentPostprocessing = 0;
			shellPath = /bin/sh;
			shellScript = "diff \"${PODS_PODFILE_DIR_PATH}/Podfile.lock\" \"${PODS_ROOT}/Manifest.lock\" > /dev/null\nif [ $? != 0 ] ; then\n    # print error to STDERR\n    echo \"error: The sandbox is not in sync with the Podfile.lock. Run 'pod install' or update your CocoaPods installation.\" >&2\n    exit 1\nfi\n# This output is used by Xcode 'outputs' to avoid re-running this script phase.\necho \"SUCCESS\" > \"${SCRIPT_OUTPUT_FILE_0}\"\n";
			showEnvVarsInLog = 0;
		};
		EB59ECEB046969CA7F6D92BB /* [CP] Embed Pods Frameworks */ = {
			isa = PBXShellScriptBuildPhase;
			buildActionMask = 2147483647;
			files = (
			);
			inputFileListPaths = (
				"${PODS_ROOT}/Target Support Files/Pods-PrinceSpecials/Pods-PrinceSpecials-frameworks-${CONFIGURATION}-input-files.xcfilelist",
			);
			name = "[CP] Embed Pods Frameworks";
			outputFileListPaths = (
				"${PODS_ROOT}/Target Support Files/Pods-PrinceSpecials/Pods-PrinceSpecials-frameworks-${CONFIGURATION}-output-files.xcfilelist",
			);
			runOnlyForDeploymentPostprocessing = 0;
			shellPath = /bin/sh;
			shellScript = "\"${PODS_ROOT}/Target Support Files/Pods-PrinceSpecials/Pods-PrinceSpecials-frameworks.sh\"\n";
			showEnvVarsInLog = 0;
		};
/* End PBXShellScriptBuildPhase section */

/* Begin PBXSourcesBuildPhase section */
		0459073A2DBE6AC000E9D93F /* Sources */ = {
			isa = PBXSourcesBuildPhase;
			buildActionMask = 2147483647;
			files = (
				04DE66522DD4B38A00A23E5F /* extraView2.swift in Sources */,
				0459077D2DBE6C9500E9D93F /* CartView.swift in Sources */,
				0459074E2DBE6AC300E9D93F /* PrinceSpecials.xcdatamodeld in Sources */,
				04DE66502DD4A7D200A23E5F /* extraView.swift in Sources */,
				045907742DBE6B8F00E9D93F /* Cart.swift in Sources */,
				0459074B2DBE6AC300E9D93F /* Persistence.swift in Sources */,
				045907762DBE6BC600E9D93F /* UserAuthentication.swift in Sources */,
				045907712DBE6B3A00E9D93F /* Product.swift in Sources */,
				045907442DBE6AC000E9D93F /* ContentView.swift in Sources */,
				045907782DBE6BF600E9D93F /* PaymentService.swift in Sources */,
				0459077F2DBE6D2500E9D93F /* LoginView.swift in Sources */,
				045907812DBE6D8D00E9D93F /* RegisterView.swift in Sources */,
				045907422DBE6AC000E9D93F /* PrinceSpecialsApp.swift in Sources */,
				0459077B2DBE6C4900E9D93F /* ProductDetailView.swift in Sources */,
			);
			runOnlyForDeploymentPostprocessing = 0;
		};
		0459074F2DBE6AC300E9D93F /* Sources */ = {
			isa = PBXSourcesBuildPhase;
			buildActionMask = 2147483647;
			files = (
				045907582DBE6AC300E9D93F /* PrinceSpecialsTests.swift in Sources */,
			);
			runOnlyForDeploymentPostprocessing = 0;
		};
		045907592DBE6AC300E9D93F /* Sources */ = {
			isa = PBXSourcesBuildPhase;
			buildActionMask = 2147483647;
			files = (
				045907622DBE6AC300E9D93F /* PrinceSpecialsUITests.swift in Sources */,
				045907642DBE6AC300E9D93F /* PrinceSpecialsUITestsLaunchTests.swift in Sources */,
			);
			runOnlyForDeploymentPostprocessing = 0;
		};
/* End PBXSourcesBuildPhase section */

/* Begin PBXTargetDependency section */
		045907552DBE6AC300E9D93F /* PBXTargetDependency */ = {
			isa = PBXTargetDependency;
			target = 0459073D2DBE6AC000E9D93F /* PrinceSpecials */;
			targetProxy = 045907542DBE6AC300E9D93F /* PBXContainerItemProxy */;
		};
		0459075F2DBE6AC300E9D93F /* PBXTargetDependency */ = {
			isa = PBXTargetDependency;
			target = 0459073D2DBE6AC000E9D93F /* PrinceSpecials */;
			targetProxy = 0459075E2DBE6AC300E9D93F /* PBXContainerItemProxy */;
		};
/* End PBXTargetDependency section */

/* Begin XCBuildConfiguration section */
		045907652DBE6AC300E9D93F /* Debug */ = {
			isa = XCBuildConfiguration;
			buildSettings = {
				ALWAYS_SEARCH_USER_PATHS = NO;
				CLANG_ANALYZER_NONNULL = YES;
				CLANG_ANALYZER_NUMBER_OBJECT_CONVERSION = YES_AGGRESSIVE;
				CLANG_CXX_LANGUAGE_STANDARD = "gnu++20";
				CLANG_ENABLE_MODULES = YES;
				CLANG_ENABLE_OBJC_ARC = YES;
				CLANG_ENABLE_OBJC_WEAK = YES;
				CLANG_WARN_BLOCK_CAPTURE_AUTORELEASING = YES;
				CLANG_WARN_BOOL_CONVERSION = YES;
				CLANG_WARN_COMMA = YES;
				CLANG_WARN_CONSTANT_CONVERSION = YES;
				CLANG_WARN_DEPRECATED_OBJC_IMPLEMENTATIONS = YES;
				CLANG_WARN_DIRECT_OBJC_ISA_USAGE = YES_ERROR;
				CLANG_WARN_DOCUMENTATION_COMMENTS = YES;
				CLANG_WARN_EMPTY_BODY = YES;
				CLANG_WARN_ENUM_CONVERSION = YES;
				CLANG_WARN_INFINITE_RECURSION = YES;
				CLANG_WARN_INT_CONVERSION = YES;
				CLANG_WARN_NON_LITERAL_NULL_CONVERSION = YES;
				CLANG_WARN_OBJC_IMPLICIT_RETAIN_SELF = YES;
				CLANG_WARN_OBJC_LITERAL_CONVERSION = YES;
				CLANG_WARN_OBJC_ROOT_CLASS = YES_ERROR;
				CLANG_WARN_QUOTED_INCLUDE_IN_FRAMEWORK_HEADER = YES;
				CLANG_WARN_RANGE_LOOP_ANALYSIS = YES;
				CLANG_WARN_STRICT_PROTOTYPES = YES;
				CLANG_WARN_SUSPICIOUS_MOVE = YES;
				CLANG_WARN_UNGUARDED_AVAILABILITY = YES_AGGRESSIVE;
				CLANG_WARN_UNREACHABLE_CODE = YES;
				CLANG_WARN__DUPLICATE_METHOD_MATCH = YES;
				COPY_PHASE_STRIP = NO;
				DEBUG_INFORMATION_FORMAT = dwarf;
				ENABLE_STRICT_OBJC_MSGSEND = YES;
				ENABLE_TESTABILITY = YES;
				GCC_C_LANGUAGE_STANDARD = gnu11;
				GCC_DYNAMIC_NO_PIC = NO;
				GCC_NO_COMMON_BLOCKS = YES;
				GCC_OPTIMIZATION_LEVEL = 0;
				GCC_PREPROCESSOR_DEFINITIONS = (
					"DEBUG=1",
					"$(inherited)",
				);
				GCC_WARN_64_TO_32_BIT_CONVERSION = YES;
				GCC_WARN_ABOUT_RETURN_TYPE = YES_ERROR;
				GCC_WARN_UNDECLARED_SELECTOR = YES;
				GCC_WARN_UNINITIALIZED_AUTOS = YES_AGGRESSIVE;
				GCC_WARN_UNUSED_FUNCTION = YES;
				GCC_WARN_UNUSED_VARIABLE = YES;
				IPHONEOS_DEPLOYMENT_TARGET = 16.2;
				MTL_ENABLE_DEBUG_INFO = INCLUDE_SOURCE;
				MTL_FAST_MATH = YES;
				ONLY_ACTIVE_ARCH = YES;
				SDKROOT = iphoneos;
				SWIFT_ACTIVE_COMPILATION_CONDITIONS = DEBUG;
				SWIFT_OPTIMIZATION_LEVEL = "-Onone";
			};
			name = Debug;
		};
		045907662DBE6AC300E9D93F /* Release */ = {
			isa = XCBuildConfiguration;
			buildSettings = {
				ALWAYS_SEARCH_USER_PATHS = NO;
				CLANG_ANALYZER_NONNULL = YES;
				CLANG_ANALYZER_NUMBER_OBJECT_CONVERSION = YES_AGGRESSIVE;
				CLANG_CXX_LANGUAGE_STANDARD = "gnu++20";
				CLANG_ENABLE_MODULES = YES;
				CLANG_ENABLE_OBJC_ARC = YES;
				CLANG_ENABLE_OBJC_WEAK = YES;
				CLANG_WARN_BLOCK_CAPTURE_AUTORELEASING = YES;
				CLANG_WARN_BOOL_CONVERSION = YES;
				CLANG_WARN_COMMA = YES;
				CLANG_WARN_CONSTANT_CONVERSION = YES;
				CLANG_WARN_DEPRECATED_OBJC_IMPLEMENTATIONS = YES;
				CLANG_WARN_DIRECT_OBJC_ISA_USAGE = YES_ERROR;
				CLANG_WARN_DOCUMENTATION_COMMENTS = YES;
				CLANG_WARN_EMPTY_BODY = YES;
				CLANG_WARN_ENUM_CONVERSION = YES;
				CLANG_WARN_INFINITE_RECURSION = YES;
				CLANG_WARN_INT_CONVERSION = YES;
				CLANG_WARN_NON_LITERAL_NULL_CONVERSION = YES;
				CLANG_WARN_OBJC_IMPLICIT_RETAIN_SELF = YES;
				CLANG_WARN_OBJC_LITERAL_CONVERSION = YES;
				CLANG_WARN_OBJC_ROOT_CLASS = YES_ERROR;
				CLANG_WARN_QUOTED_INCLUDE_IN_FRAMEWORK_HEADER = YES;
				CLANG_WARN_RANGE_LOOP_ANALYSIS = YES;
				CLANG_WARN_STRICT_PROTOTYPES = YES;
				CLANG_WARN_SUSPICIOUS_MOVE = YES;
				CLANG_WARN_UNGUARDED_AVAILABILITY = YES_AGGRESSIVE;
				CLANG_WARN_UNREACHABLE_CODE = YES;
				CLANG_WARN__DUPLICATE_METHOD_MATCH = YES;
				COPY_PHASE_STRIP = NO;
				DEBUG_INFORMATION_FORMAT = "dwarf-with-dsym";
				ENABLE_NS_ASSERTIONS = NO;
				ENABLE_STRICT_OBJC_MSGSEND = YES;
				GCC_C_LANGUAGE_STANDARD = gnu11;
				GCC_NO_COMMON_BLOCKS = YES;
				GCC_WARN_64_TO_32_BIT_CONVERSION = YES;
				GCC_WARN_ABOUT_RETURN_TYPE = YES_ERROR;
				GCC_WARN_UNDECLARED_SELECTOR = YES;
				GCC_WARN_UNINITIALIZED_AUTOS = YES_AGGRESSIVE;
				GCC_WARN_UNUSED_FUNCTION = YES;
				GCC_WARN_UNUSED_VARIABLE = YES;
				IPHONEOS_DEPLOYMENT_TARGET = 16.2;
				MTL_ENABLE_DEBUG_INFO = NO;
				MTL_FAST_MATH = YES;
				SDKROOT = iphoneos;
				SWIFT_COMPILATION_MODE = wholemodule;
				SWIFT_OPTIMIZATION_LEVEL = "-O";
				VALIDATE_PRODUCT = YES;
			};
			name = Release;
		};
		045907682DBE6AC300E9D93F /* Debug */ = {
			isa = XCBuildConfiguration;
			baseConfigurationReference = 150F463A87A56845AC1F16D6 /* Pods-PrinceSpecials.debug.xcconfig */;
			buildSettings = {
				ASSETCATALOG_COMPILER_APPICON_NAME = AppIcon;
				ASSETCATALOG_COMPILER_GLOBAL_ACCENT_COLOR_NAME = AccentColor;
				CODE_SIGN_STYLE = Automatic;
				CURRENT_PROJECT_VERSION = 1;
				DEVELOPMENT_ASSET_PATHS = "\"PrinceSpecials/Preview Content\"";
				DEVELOPMENT_TEAM = JS7TYSL7CT;
				ENABLE_PREVIEWS = YES;
				GENERATE_INFOPLIST_FILE = YES;
				INFOPLIST_KEY_UIApplicationSceneManifest_Generation = YES;
				INFOPLIST_KEY_UIApplicationSupportsIndirectInputEvents = YES;
				INFOPLIST_KEY_UILaunchScreen_Generation = YES;
				INFOPLIST_KEY_UISupportedInterfaceOrientations_iPad = "UIInterfaceOrientationPortrait UIInterfaceOrientationPortraitUpsideDown UIInterfaceOrientationLandscapeLeft UIInterfaceOrientationLandscapeRight";
				INFOPLIST_KEY_UISupportedInterfaceOrientations_iPhone = "UIInterfaceOrientationPortrait UIInterfaceOrientationLandscapeLeft UIInterfaceOrientationLandscapeRight";
				LD_RUNPATH_SEARCH_PATHS = (
					"$(inherited)",
					"@executable_path/Frameworks",
				);
				MARKETING_VERSION = 1.0;
				PRODUCT_BUNDLE_IDENTIFIER = "com.PrinceApps-Studio.PrinceSpecials";
				PRODUCT_NAME = "$(TARGET_NAME)";
				SWIFT_EMIT_LOC_STRINGS = YES;
				SWIFT_VERSION = 5.0;
				TARGETED_DEVICE_FAMILY = "1,2";
			};
			name = Debug;
		};
		045907692DBE6AC300E9D93F /* Release */ = {
			isa = XCBuildConfiguration;
			baseConfigurationReference = CB9E96BADBCD3863F783C3D3 /* Pods-PrinceSpecials.release.xcconfig */;
			buildSettings = {
				ASSETCATALOG_COMPILER_APPICON_NAME = AppIcon;
				ASSETCATALOG_COMPILER_GLOBAL_ACCENT_COLOR_NAME = AccentColor;
				CODE_SIGN_STYLE = Automatic;
				CURRENT_PROJECT_VERSION = 1;
				DEVELOPMENT_ASSET_PATHS = "\"PrinceSpecials/Preview Content\"";
				DEVELOPMENT_TEAM = JS7TYSL7CT;
				ENABLE_PREVIEWS = YES;
				GENERATE_INFOPLIST_FILE = YES;
				INFOPLIST_KEY_UIApplicationSceneManifest_Generation = YES;
				INFOPLIST_KEY_UIApplicationSupportsIndirectInputEvents = YES;
				INFOPLIST_KEY_UILaunchScreen_Generation = YES;
				INFOPLIST_KEY_UISupportedInterfaceOrientations_iPad = "UIInterfaceOrientationPortrait UIInterfaceOrientationPortraitUpsideDown UIInterfaceOrientationLandscapeLeft UIInterfaceOrientationLandscapeRight";
				INFOPLIST_KEY_UISupportedInterfaceOrientations_iPhone = "UIInterfaceOrientationPortrait UIInterfaceOrientationLandscapeLeft UIInterfaceOrientationLandscapeRight";
				LD_RUNPATH_SEARCH_PATHS = (
					"$(inherited)",
					"@executable_path/Frameworks",
				);
				MARKETING_VERSION = 1.0;
				PRODUCT_BUNDLE_IDENTIFIER = "com.PrinceApps-Studio.PrinceSpecials";
				PRODUCT_NAME = "$(TARGET_NAME)";
				SWIFT_EMIT_LOC_STRINGS = YES;
				SWIFT_VERSION = 5.0;
				TARGETED_DEVICE_FAMILY = "1,2";
			};
			name = Release;
		};
		0459076B2DBE6AC300E9D93F /* Debug */ = {
			isa = XCBuildConfiguration;
			buildSettings = {
				ALWAYS_EMBED_SWIFT_STANDARD_LIBRARIES = YES;
				BUNDLE_LOADER = "$(TEST_HOST)";
				CODE_SIGN_STYLE = Automatic;
				CURRENT_PROJECT_VERSION = 1;
				DEVELOPMENT_TEAM = JS7TYSL7CT;
				GENERATE_INFOPLIST_FILE = YES;
				IPHONEOS_DEPLOYMENT_TARGET = 16.2;
				MARKETING_VERSION = 1.0;
				PRODUCT_BUNDLE_IDENTIFIER = "com.PrinceApps-Studio.PrinceSpecialsTests";
				PRODUCT_NAME = "$(TARGET_NAME)";
				SWIFT_EMIT_LOC_STRINGS = NO;
				SWIFT_VERSION = 5.0;
				TARGETED_DEVICE_FAMILY = "1,2";
				TEST_HOST = "$(BUILT_PRODUCTS_DIR)/PrinceSpecials.app/$(BUNDLE_EXECUTABLE_FOLDER_PATH)/PrinceSpecials";
			};
			name = Debug;
		};
		0459076C2DBE6AC300E9D93F /* Release */ = {
			isa = XCBuildConfiguration;
			buildSettings = {
				ALWAYS_EMBED_SWIFT_STANDARD_LIBRARIES = YES;
				BUNDLE_LOADER = "$(TEST_HOST)";
				CODE_SIGN_STYLE = Automatic;
				CURRENT_PROJECT_VERSION = 1;
				DEVELOPMENT_TEAM = JS7TYSL7CT;
				GENERATE_INFOPLIST_FILE = YES;
				IPHONEOS_DEPLOYMENT_TARGET = 16.2;
				MARKETING_VERSION = 1.0;
				PRODUCT_BUNDLE_IDENTIFIER = "com.PrinceApps-Studio.PrinceSpecialsTests";
				PRODUCT_NAME = "$(TARGET_NAME)";
				SWIFT_EMIT_LOC_STRINGS = NO;
				SWIFT_VERSION = 5.0;
				TARGETED_DEVICE_FAMILY = "1,2";
				TEST_HOST = "$(BUILT_PRODUCTS_DIR)/PrinceSpecials.app/$(BUNDLE_EXECUTABLE_FOLDER_PATH)/PrinceSpecials";
			};
			name = Release;
		};
		0459076E2DBE6AC300E9D93F /* Debug */ = {
			isa = XCBuildConfiguration;
			buildSettings = {
				ALWAYS_EMBED_SWIFT_STANDARD_LIBRARIES = YES;
				CODE_SIGN_STYLE = Automatic;
				CURRENT_PROJECT_VERSION = 1;
				DEVELOPMENT_TEAM = JS7TYSL7CT;
				GENERATE_INFOPLIST_FILE = YES;
				MARKETING_VERSION = 1.0;
				PRODUCT_BUNDLE_IDENTIFIER = "com.PrinceApps-Studio.PrinceSpecialsUITests";
				PRODUCT_NAME = "$(TARGET_NAME)";
				SWIFT_EMIT_LOC_STRINGS = NO;
				SWIFT_VERSION = 5.0;
				TARGETED_DEVICE_FAMILY = "1,2";
				TEST_TARGET_NAME = PrinceSpecials;
			};
			name = Debug;
		};
		0459076F2DBE6AC300E9D93F /* Release */ = {
			isa = XCBuildConfiguration;
			buildSettings = {
				ALWAYS_EMBED_SWIFT_STANDARD_LIBRARIES = YES;
				CODE_SIGN_STYLE = Automatic;
				CURRENT_PROJECT_VERSION = 1;
				DEVELOPMENT_TEAM = JS7TYSL7CT;
				GENERATE_INFOPLIST_FILE = YES;
				MARKETING_VERSION = 1.0;
				PRODUCT_BUNDLE_IDENTIFIER = "com.PrinceApps-Studio.PrinceSpecialsUITests";
				PRODUCT_NAME = "$(TARGET_NAME)";
				SWIFT_EMIT_LOC_STRINGS = NO;
				SWIFT_VERSION = 5.0;
				TARGETED_DEVICE_FAMILY = "1,2";
				TEST_TARGET_NAME = PrinceSpecials;
			};
			name = Release;
		};
/* End XCBuildConfiguration section */

/* Begin XCConfigurationList section */
		045907392DBE6AC000E9D93F /* Build configuration list for PBXProject "PrinceSpecials" */ = {
			isa = XCConfigurationList;
			buildConfigurations = (
				045907652DBE6AC300E9D93F /* Debug */,
				045907662DBE6AC300E9D93F /* Release */,
			);
			defaultConfigurationIsVisible = 0;
			defaultConfigurationName = Release;
		};
		045907672DBE6AC300E9D93F /* Build configuration list for PBXNativeTarget "PrinceSpecials" */ = {
			isa = XCConfigurationList;
			buildConfigurations = (
				045907682DBE6AC300E9D93F /* Debug */,
				045907692DBE6AC300E9D93F /* Release */,
			);
			defaultConfigurationIsVisible = 0;
			defaultConfigurationName = Release;
		};
		0459076A2DBE6AC300E9D93F /* Build configuration list for PBXNativeTarget "PrinceSpecialsTests" */ = {
			isa = XCConfigurationList;
			buildConfigurations = (
				0459076B2DBE6AC300E9D93F /* Debug */,
				0459076C2DBE6AC300E9D93F /* Release */,
			);
			defaultConfigurationIsVisible = 0;
			defaultConfigurationName = Release;
		};
		0459076D2DBE6AC300E9D93F /* Build configuration list for PBXNativeTarget "PrinceSpecialsUITests" */ = {
			isa = XCConfigurationList;
			buildConfigurations = (
				0459076E2DBE6AC300E9D93F /* Debug */,
				0459076F2DBE6AC300E9D93F /* Release */,
			);
			defaultConfigurationIsVisible = 0;
			defaultConfigurationName = Release;
		};
/* End XCConfigurationList section */

/* Begin XCVersionGroup section */
		0459074C2DBE6AC300E9D93F /* PrinceSpecials.xcdatamodeld */ = {
			isa = XCVersionGroup;
			children = (
				0459074D2DBE6AC300E9D93F /* PrinceSpecials.xcdatamodel */,
			);
			currentVersion = 0459074D2DBE6AC300E9D93F /* PrinceSpecials.xcdatamodel */;
			path = PrinceSpecials.xcdatamodeld;
			sourceTree = "<group>";
			versionGroupType = wrapper.xcdatamodel;
		};
/* End XCVersionGroup section */
	};
	rootObject = 045907362DBE6AC000E9D93F /* Project object */;
}
